
Microsoft Visual Studio Solution File, Format Version 12.00
# Visual Studio Version 16
VisualStudioVersion = 16.0.34931.43
MinimumVisualStudioVersion = 10.0.40219.1
Project("{FAE04EC0-301F-11D3-BF4B-00C04F79EFBC}") = "ConsoleApp11", "ConsoleApp11.csproj", "{0A601A6B-87D6-4805-B11D-8781283D6E8B}"
EndProject
Project("{FAE04EC0-301F-11D3-BF4B-00C04F79EFBC}") = "ConsoleApp1", "..\ConsoleApp1\ConsoleApp1.csproj", "{3384D018-7F8E-4C5F-B826-289E6BBED037}"
EndProject
Project("{FAE04EC0-301F-11D3-BF4B-00C04F79EFBC}") = "ConsoleApp2", "..\ConsoleApp2\ConsoleApp2.csproj", "{D4DA6469-1898-46C0-993B-C627D3082D7F}"
EndProject
Global
	GlobalSection(SolutionConfigurationPlatforms) = preSolution
		Debug|Any CPU = Debug|Any CPU
		Release|Any CPU = Release|Any CPU
	EndGlobalSection
	GlobalSection(ProjectConfigurationPlatforms) = postSolution
		{0A601A6B-87D6-4805-B11D-8781283D6E8B}.Debug|Any CPU.ActiveCfg = Debug|Any CPU
		{0A601A6B-87D6-4805-B11D-8781283D6E8B}.Debug|Any CPU.Build.0 = Debug|Any CPU
		{0A601A6B-87D6-4805-B11D-8781283D6E8B}.Release|Any CPU.ActiveCfg = Release|Any CPU
		{0A601A6B-87D6-4805-B11D-8781283D6E8B}.Release|Any CPU.Build.0 = Release|Any CPU
		{3384D018-7F8E-4C5F-B826-289E6BBED037}.Debug|Any CPU.ActiveCfg = Debug|Any CPU
		{3384D018-7F8E-4C5F-B826-289E6BBED037}.Debug|Any CPU.Build.0 = Debug|Any CPU
		{3384D018-7F8E-4C5F-B826-289E6BBED037}.Release|Any CPU.ActiveCfg = Release|Any CPU
		{3384D018-7F8E-4C5F-B826-289E6BBED037}.Release|Any CPU.Build.0 = Release|Any CPU
		{D4DA6469-1898-46C0-993B-C627D3082D7F}.Debug|Any CPU.ActiveCfg = Debug|Any CPU
		{D4DA6469-1898-46C0-993B-C627D3082D7F}.Debug|Any CPU.Build.0 = Debug|Any CPU
		{D4DA6469-1898-46C0-993B-C627D3082D7F}.Release|Any CPU.ActiveCfg = Release|Any CPU
		{D4DA6469-1898-46C0-993B-C627D3082D7F}.Release|Any CPU.Build.0 = Release|Any CPU
	EndGlobalSection
	GlobalSection(SolutionProperties) = preSolution
		HideSolutionNode = FALSE
	EndGlobalSection
	GlobalSection(ExtensibilityGlobals) = postSolution
		SolutionGuid = {2B58EE98-24BA-4722-B3DF-6E3B7830DB6E}
	EndGlobalSection
EndGlobal
